
Microsoft Visual Studio Solution File, Format Version 12.00
# Visual Studio 14
VisualStudioVersion = 14.0.25123.0
MinimumVisualStudioVersion = 10.0.40219.1
Project("{8BC9CEB8-8B4A-11D0-8D11-00A0C91BC942}") = "libPolyram.WinNT", "libPolyram\libPolyram.WinNT.vcxproj", "{EF94FCA5-92D6-4601-9CDF-A3B13725A565}"
EndProject
Project("{8BC9CEB8-8B4A-11D0-8D11-00A0C91BC942}") = "libPolyram.WinNT.Test", "libPolyram.Test\libPolyram.WinNT.Test.vcxproj", "{C014EDAE-39C5-4793-BA9A-B1D80F87224C}"
	ProjectSection(ProjectDependencies) = postProject
		{EF94FCA5-92D6-4601-9CDF-A3B13725A565} = {EF94FCA5-92D6-4601-9CDF-A3B13725A565}
	EndProjectSection
EndProject
Project("{8BC9CEB8-8B4A-11D0-8D11-00A0C91BC942}") = "libPolyram.UWP", "libPolyram\libPolyram.UWP.vcxproj", "{51E5D077-C9EF-48FE-BDFE-28B3EBB12E7B}"
EndProject
Project("{2150E333-8FDC-42A3-9474-1A3956D46DE8}") = "Main Static Libraries", "Main Static Libraries", "{1E0B0F26-EE60-4AB6-BAA9-8449A8A05F45}"
	ProjectSection(SolutionItems) = preProject
		README.md = README.md
	EndProjectSection
EndProject
Project("{2150E333-8FDC-42A3-9474-1A3956D46DE8}") = "Test Programs", "Test Programs", "{FD3CAA7C-528E-4B79-BC29-4FF811915E8B}"
EndProject
Project("{8BC9CEB8-8B4A-11D0-8D11-00A0C91BC942}") = "libPolyram.UNIX", "libPolyram\libPolyram.UNIX.vcxproj", "{8D1B7A45-6699-4B84-85DF-EE80E84F75E5}"
EndProject
Project("{8BC9CEB8-8B4A-11D0-8D11-00A0C91BC942}") = "libPolyram.UNIX.Test", "libPolyram.Test\libPolyram.UNIX.Test.vcxproj", "{456E010D-D173-4BF3-AC97-6142957D343D}"
	ProjectSection(ProjectDependencies) = postProject
		{8D1B7A45-6699-4B84-85DF-EE80E84F75E5} = {8D1B7A45-6699-4B84-85DF-EE80E84F75E5}
	EndProjectSection
EndProject
Project("{8BC9CEB8-8B4A-11D0-8D11-00A0C91BC942}") = "libPolyram.Android", "libPolyram\libPolyram.Android.vcxproj", "{D33CA7F3-4C2D-49CD-8D12-8058C52EFEF5}"
EndProject
Global
	GlobalSection(SolutionConfigurationPlatforms) = preSolution
		Debug|ARM = Debug|ARM
		Debug|ARM64 = Debug|ARM64
		Debug|x64 = Debug|x64
		Debug|x86 = Debug|x86
		Release|ARM = Release|ARM
		Release|ARM64 = Release|ARM64
		Release|x64 = Release|x64
		Release|x86 = Release|x86
	EndGlobalSection
	GlobalSection(ProjectConfigurationPlatforms) = postSolution
		{EF94FCA5-92D6-4601-9CDF-A3B13725A565}.Debug|ARM.ActiveCfg = Debug|Win32
		{EF94FCA5-92D6-4601-9CDF-A3B13725A565}.Debug|ARM64.ActiveCfg = Debug|Win32
		{EF94FCA5-92D6-4601-9CDF-A3B13725A565}.Debug|x64.ActiveCfg = Debug|x64
		{EF94FCA5-92D6-4601-9CDF-A3B13725A565}.Debug|x64.Build.0 = Debug|x64
		{EF94FCA5-92D6-4601-9CDF-A3B13725A565}.Debug|x86.ActiveCfg = Debug|Win32
		{EF94FCA5-92D6-4601-9CDF-A3B13725A565}.Debug|x86.Build.0 = Debug|Win32
		{EF94FCA5-92D6-4601-9CDF-A3B13725A565}.Release|ARM.ActiveCfg = Release|Win32
		{EF94FCA5-92D6-4601-9CDF-A3B13725A565}.Release|ARM64.ActiveCfg = Release|Win32
		{EF94FCA5-92D6-4601-9CDF-A3B13725A565}.Release|x64.ActiveCfg = Release|x64
		{EF94FCA5-92D6-4601-9CDF-A3B13725A565}.Release|x64.Build.0 = Release|x64
		{EF94FCA5-92D6-4601-9CDF-A3B13725A565}.Release|x86.ActiveCfg = Release|Win32
		{EF94FCA5-92D6-4601-9CDF-A3B13725A565}.Release|x86.Build.0 = Release|Win32
		{C014EDAE-39C5-4793-BA9A-B1D80F87224C}.Debug|ARM.ActiveCfg = Debug|Win32
		{C014EDAE-39C5-4793-BA9A-B1D80F87224C}.Debug|ARM64.ActiveCfg = Debug|Win32
		{C014EDAE-39C5-4793-BA9A-B1D80F87224C}.Debug|x64.ActiveCfg = Debug|x64
		{C014EDAE-39C5-4793-BA9A-B1D80F87224C}.Debug|x64.Build.0 = Debug|x64
		{C014EDAE-39C5-4793-BA9A-B1D80F87224C}.Debug|x86.ActiveCfg = Debug|Win32
		{C014EDAE-39C5-4793-BA9A-B1D80F87224C}.Debug|x86.Build.0 = Debug|Win32
		{C014EDAE-39C5-4793-BA9A-B1D80F87224C}.Release|ARM.ActiveCfg = Release|Win32
		{C014EDAE-39C5-4793-BA9A-B1D80F87224C}.Release|ARM64.ActiveCfg = Release|Win32
		{C014EDAE-39C5-4793-BA9A-B1D80F87224C}.Release|x64.ActiveCfg = Release|x64
		{C014EDAE-39C5-4793-BA9A-B1D80F87224C}.Release|x64.Build.0 = Release|x64
		{C014EDAE-39C5-4793-BA9A-B1D80F87224C}.Release|x86.ActiveCfg = Release|Win32
		{C014EDAE-39C5-4793-BA9A-B1D80F87224C}.Release|x86.Build.0 = Release|Win32
		{51E5D077-C9EF-48FE-BDFE-28B3EBB12E7B}.Debug|ARM.ActiveCfg = Debug|ARM
		{51E5D077-C9EF-48FE-BDFE-28B3EBB12E7B}.Debug|ARM.Build.0 = Debug|ARM
		{51E5D077-C9EF-48FE-BDFE-28B3EBB12E7B}.Debug|ARM64.ActiveCfg = Debug|Win32
		{51E5D077-C9EF-48FE-BDFE-28B3EBB12E7B}.Debug|x64.ActiveCfg = Debug|x64
		{51E5D077-C9EF-48FE-BDFE-28B3EBB12E7B}.Debug|x64.Build.0 = Debug|x64
		{51E5D077-C9EF-48FE-BDFE-28B3EBB12E7B}.Debug|x86.ActiveCfg = Debug|Win32
		{51E5D077-C9EF-48FE-BDFE-28B3EBB12E7B}.Debug|x86.Build.0 = Debug|Win32
		{51E5D077-C9EF-48FE-BDFE-28B3EBB12E7B}.Release|ARM.ActiveCfg = Release|ARM
		{51E5D077-C9EF-48FE-BDFE-28B3EBB12E7B}.Release|ARM.Build.0 = Release|ARM
		{51E5D077-C9EF-48FE-BDFE-28B3EBB12E7B}.Release|ARM64.ActiveCfg = Release|Win32
		{51E5D077-C9EF-48FE-BDFE-28B3EBB12E7B}.Release|x64.ActiveCfg = Release|x64
		{51E5D077-C9EF-48FE-BDFE-28B3EBB12E7B}.Release|x64.Build.0 = Release|x64
		{51E5D077-C9EF-48FE-BDFE-28B3EBB12E7B}.Release|x86.ActiveCfg = Release|Win32
		{51E5D077-C9EF-48FE-BDFE-28B3EBB12E7B}.Release|x86.Build.0 = Release|Win32
		{8D1B7A45-6699-4B84-85DF-EE80E84F75E5}.Debug|ARM.ActiveCfg = Debug|ARM
		{8D1B7A45-6699-4B84-85DF-EE80E84F75E5}.Debug|ARM.Build.0 = Debug|ARM
		{8D1B7A45-6699-4B84-85DF-EE80E84F75E5}.Debug|ARM64.ActiveCfg = Debug|x86
		{8D1B7A45-6699-4B84-85DF-EE80E84F75E5}.Debug|x64.ActiveCfg = Debug|x64
		{8D1B7A45-6699-4B84-85DF-EE80E84F75E5}.Debug|x64.Build.0 = Debug|x64
		{8D1B7A45-6699-4B84-85DF-EE80E84F75E5}.Debug|x86.ActiveCfg = Debug|x86
		{8D1B7A45-6699-4B84-85DF-EE80E84F75E5}.Debug|x86.Build.0 = Debug|x86
		{8D1B7A45-6699-4B84-85DF-EE80E84F75E5}.Release|ARM.ActiveCfg = Release|ARM
		{8D1B7A45-6699-4B84-85DF-EE80E84F75E5}.Release|ARM.Build.0 = Release|ARM
		{8D1B7A45-6699-4B84-85DF-EE80E84F75E5}.Release|ARM64.ActiveCfg = Release|x86
		{8D1B7A45-6699-4B84-85DF-EE80E84F75E5}.Release|x64.ActiveCfg = Release|x64
		{8D1B7A45-6699-4B84-85DF-EE80E84F75E5}.Release|x64.Build.0 = Release|x64
		{8D1B7A45-6699-4B84-85DF-EE80E84F75E5}.Release|x86.ActiveCfg = Release|x86
		{8D1B7A45-6699-4B84-85DF-EE80E84F75E5}.Release|x86.Build.0 = Release|x86
		{456E010D-D173-4BF3-AC97-6142957D343D}.Debug|ARM.ActiveCfg = Debug|ARM
		{456E010D-D173-4BF3-AC97-6142957D343D}.Debug|ARM.Build.0 = Debug|ARM
		{456E010D-D173-4BF3-AC97-6142957D343D}.Debug|ARM64.ActiveCfg = Debug|x86
		{456E010D-D173-4BF3-AC97-6142957D343D}.Debug|x64.ActiveCfg = Debug|x64
		{456E010D-D173-4BF3-AC97-6142957D343D}.Debug|x64.Build.0 = Debug|x64
		{456E010D-D173-4BF3-AC97-6142957D343D}.Debug|x86.ActiveCfg = Debug|x86
		{456E010D-D173-4BF3-AC97-6142957D343D}.Debug|x86.Build.0 = Debug|x86
		{456E010D-D173-4BF3-AC97-6142957D343D}.Release|ARM.ActiveCfg = Release|ARM
		{456E010D-D173-4BF3-AC97-6142957D343D}.Release|ARM.Build.0 = Release|ARM
		{456E010D-D173-4BF3-AC97-6142957D343D}.Release|ARM64.ActiveCfg = Release|x86
		{456E010D-D173-4BF3-AC97-6142957D343D}.Release|x64.ActiveCfg = Release|x64
		{456E010D-D173-4BF3-AC97-6142957D343D}.Release|x64.Build.0 = Release|x64
		{456E010D-D173-4BF3-AC97-6142957D343D}.Release|x86.ActiveCfg = Release|x86
		{456E010D-D173-4BF3-AC97-6142957D343D}.Release|x86.Build.0 = Release|x86
		{D33CA7F3-4C2D-49CD-8D12-8058C52EFEF5}.Debug|ARM.ActiveCfg = Debug|ARM
		{D33CA7F3-4C2D-49CD-8D12-8058C52EFEF5}.Debug|ARM.Build.0 = Debug|ARM
		{D33CA7F3-4C2D-49CD-8D12-8058C52EFEF5}.Debug|ARM64.ActiveCfg = Debug|ARM64
		{D33CA7F3-4C2D-49CD-8D12-8058C52EFEF5}.Debug|ARM64.Build.0 = Debug|ARM64
		{D33CA7F3-4C2D-49CD-8D12-8058C52EFEF5}.Debug|x64.ActiveCfg = Debug|x64
		{D33CA7F3-4C2D-49CD-8D12-8058C52EFEF5}.Debug|x64.Build.0 = Debug|x64
		{D33CA7F3-4C2D-49CD-8D12-8058C52EFEF5}.Debug|x86.ActiveCfg = Debug|x86
		{D33CA7F3-4C2D-49CD-8D12-8058C52EFEF5}.Debug|x86.Build.0 = Debug|x86
		{D33CA7F3-4C2D-49CD-8D12-8058C52EFEF5}.Release|ARM.ActiveCfg = Release|ARM
		{D33CA7F3-4C2D-49CD-8D12-8058C52EFEF5}.Release|ARM.Build.0 = Release|ARM
		{D33CA7F3-4C2D-49CD-8D12-8058C52EFEF5}.Release|ARM64.ActiveCfg = Release|ARM64
		{D33CA7F3-4C2D-49CD-8D12-8058C52EFEF5}.Release|ARM64.Build.0 = Release|ARM64
		{D33CA7F3-4C2D-49CD-8D12-8058C52EFEF5}.Release|x64.ActiveCfg = Release|x64
		{D33CA7F3-4C2D-49CD-8D12-8058C52EFEF5}.Release|x64.Build.0 = Release|x64
		{D33CA7F3-4C2D-49CD-8D12-8058C52EFEF5}.Release|x86.ActiveCfg = Release|x86
		{D33CA7F3-4C2D-49CD-8D12-8058C52EFEF5}.Release|x86.Build.0 = Release|x86
	EndGlobalSection
	GlobalSection(SolutionProperties) = preSolution
		HideSolutionNode = FALSE
	EndGlobalSection
	GlobalSection(NestedProjects) = preSolution
		{EF94FCA5-92D6-4601-9CDF-A3B13725A565} = {1E0B0F26-EE60-4AB6-BAA9-8449A8A05F45}
		{C014EDAE-39C5-4793-BA9A-B1D80F87224C} = {FD3CAA7C-528E-4B79-BC29-4FF811915E8B}
		{51E5D077-C9EF-48FE-BDFE-28B3EBB12E7B} = {1E0B0F26-EE60-4AB6-BAA9-8449A8A05F45}
		{8D1B7A45-6699-4B84-85DF-EE80E84F75E5} = {1E0B0F26-EE60-4AB6-BAA9-8449A8A05F45}
		{456E010D-D173-4BF3-AC97-6142957D343D} = {FD3CAA7C-528E-4B79-BC29-4FF811915E8B}
		{D33CA7F3-4C2D-49CD-8D12-8058C52EFEF5} = {1E0B0F26-EE60-4AB6-BAA9-8449A8A05F45}
	EndGlobalSection
EndGlobal
