<?xml version="1.0" encoding="utf-8"?>
<Project ToolsVersion="4.0" xmlns="http://schemas.microsoft.com/developer/msbuild/2003">
  <ItemGroup>
    <Filter Include="소스 파일">
      <UniqueIdentifier>{4FC737F1-C7A5-4376-A066-2A32D752A2FF}</UniqueIdentifier>
      <Extensions>cpp;c;cc;cxx;def;odl;idl;hpj;bat;asm;asmx</Extensions>
    </Filter>
    <Filter Include="헤더 파일">
      <UniqueIdentifier>{93995380-89BD-4b04-88EB-625FBE52EBFB}</UniqueIdentifier>
      <Extensions>h;hh;hpp;hxx;hm;inl;inc;xsd</Extensions>
    </Filter>
    <Filter Include="리소스 파일">
      <UniqueIdentifier>{67DA6AB6-F800-4c08-8B7A-83BB121AAD01}</UniqueIdentifier>
      <Extensions>rc;ico;cur;bmp;dlg;rc2;rct;bin;rgs;gif;jpg;jpeg;jpe;resx;tiff;tif;png;wav;mfcribbon-ms</Extensions>
    </Filter>
    <Filter Include="External Libraries">
      <UniqueIdentifier>{103c9023-e347-4f24-9442-3a1caa095441}</UniqueIdentifier>
    </Filter>
    <Filter Include="External Libraries\GLEW">
      <UniqueIdentifier>{54854591-835e-4fb6-8364-1ff2a50c913c}</UniqueIdentifier>
    </Filter>
  </ItemGroup>
  <ItemGroup>
    <ClInclude Include="polyram.h">
      <Filter>헤더 파일</Filter>
    </ClInclude>
    <ClInclude Include="GL\glew.h">
      <Filter>External Libraries\GLEW</Filter>
    </ClInclude>
    <ClInclude Include="GL\glxew.h">
      <Filter>External Libraries\GLEW</Filter>
    </ClInclude>
    <ClInclude Include="GL\wglew.h">
      <Filter>External Libraries\GLEW</Filter>
    </ClInclude>
    <ClInclude Include="glxext.h">
      <Filter>External Libraries\GLEW</Filter>
    </ClInclude>
    <ClInclude Include="wglext.h">
      <Filter>External Libraries\GLEW</Filter>
    </ClInclude>
  </ItemGroup>
  <ItemGroup>
    <ClCompile Include="polyram.cpp">
      <Filter>소스 파일</Filter>
    </ClCompile>
    <ClCompile Include="glew.c">
      <Filter>External Libraries\GLEW</Filter>
    </ClCompile>
  </ItemGroup>
</Project>